
Microsoft Visual Studio Solution File, Format Version 12.00
# Visual Studio Version 17
VisualStudioVersion = 17.7.34031.279
MinimumVisualStudioVersion = 10.0.40219.1
Project("{9A19103F-16F7-4668-BE54-9A1E7A4F7556}") = "ListaComprasAPI", "ListaComprasAPI\ListaComprasAPI.csproj", "{10EDC0F0-E8AA-47D5-9993-1177CAE33AEC}"
EndProject
Project("{FAE04EC0-301F-11D3-BF4B-00C04F79EFBC}") = "ListaComprasApp", "ListaComprasApp\ListaComprasApp.csproj", "{57BF4139-D9AA-4583-B94B-267D0BB6CEEE}"
EndProject
Global
	GlobalSection(SolutionConfigurationPlatforms) = preSolution
		Debug|Any CPU = Debug|Any CPU
		Release|Any CPU = Release|Any CPU
	EndGlobalSection
	GlobalSection(ProjectConfigurationPlatforms) = postSolution
		{10EDC0F0-E8AA-47D5-9993-1177CAE33AEC}.Debug|Any CPU.ActiveCfg = Debug|Any CPU
		{10EDC0F0-E8AA-47D5-9993-1177CAE33AEC}.Debug|Any CPU.Build.0 = Debug|Any CPU
		{10EDC0F0-E8AA-47D5-9993-1177CAE33AEC}.Release|Any CPU.ActiveCfg = Release|Any CPU
		{10EDC0F0-E8AA-47D5-9993-1177CAE33AEC}.Release|Any CPU.Build.0 = Release|Any CPU
		{57BF4139-D9AA-4583-B94B-267D0BB6CEEE}.Debug|Any CPU.ActiveCfg = Debug|Any CPU
		{57BF4139-D9AA-4583-B94B-267D0BB6CEEE}.Debug|Any CPU.Build.0 = Debug|Any CPU
		{57BF4139-D9AA-4583-B94B-267D0BB6CEEE}.Debug|Any CPU.Deploy.0 = Debug|Any CPU
		{57BF4139-D9AA-4583-B94B-267D0BB6CEEE}.Release|Any CPU.ActiveCfg = Release|Any CPU
		{57BF4139-D9AA-4583-B94B-267D0BB6CEEE}.Release|Any CPU.Build.0 = Release|Any CPU
		{57BF4139-D9AA-4583-B94B-267D0BB6CEEE}.Release|Any CPU.Deploy.0 = Release|Any CPU
	EndGlobalSection
	GlobalSection(SolutionProperties) = preSolution
		HideSolutionNode = FALSE
	EndGlobalSection
	GlobalSection(ExtensibilityGlobals) = postSolution
		SolutionGuid = {9479A07C-143F-412F-B58B-F30D84D70DAC}
	EndGlobalSection
EndGlobal
